
Microsoft Visual Studio Solution File, Format Version 12.00
# Visual Studio Version 17
VisualStudioVersion = 17.11.35222.181
MinimumVisualStudioVersion = 10.0.40219.1
Project("{8BC9CEB8-8B4A-11D0-8D11-00A0C91BC942}") = "Assignment5", "Assignment5.vcxproj", "{6362EAF2-5BD4-4975-A24B-2C22A809368C}"
EndProject
Global
	GlobalSection(SolutionConfigurationPlatforms) = preSolution
		Debug|x64 = Debug|x64
		Debug|x86 = Debug|x86
		Release|x64 = Release|x64
		Release|x86 = Release|x86
	EndGlobalSection
	GlobalSection(ProjectConfigurationPlatforms) = postSolution
		{6362EAF2-5BD4-4975-A24B-2C22A809368C}.Debug|x64.ActiveCfg = Debug|x64
		{6362EAF2-5BD4-4975-A24B-2C22A809368C}.Debug|x64.Build.0 = Debug|x64
		{6362EAF2-5BD4-4975-A24B-2C22A809368C}.Debug|x86.ActiveCfg = Debug|Win32
		{6362EAF2-5BD4-4975-A24B-2C22A809368C}.Debug|x86.Build.0 = Debug|Win32
		{6362EAF2-5BD4-4975-A24B-2C22A809368C}.Release|x64.ActiveCfg = Release|x64
		{6362EAF2-5BD4-4975-A24B-2C22A809368C}.Release|x64.Build.0 = Release|x64
		{6362EAF2-5BD4-4975-A24B-2C22A809368C}.Release|x86.ActiveCfg = Release|Win32
		{6362EAF2-5BD4-4975-A24B-2C22A809368C}.Release|x86.Build.0 = Release|Win32
	EndGlobalSection
	GlobalSection(SolutionProperties) = preSolution
		HideSolutionNode = FALSE
	EndGlobalSection
	GlobalSection(ExtensibilityGlobals) = postSolution
		SolutionGuid = {55D5A4A9-3272-46C1-81B2-C1AC6FB5F3F8}
	EndGlobalSection
EndGlobal
